<Solution>
  <Folder Name="/src/">
    <Project Path="src/Hearthsheet.App/Hearthsheet.App.csproj" />
    <Project Path="src/Hearthsheet.Core/Hearthsheet.Core.csproj" />
    <Project Path="src/Hearthsheet.Infrastructure/Hearthsheet.Infrastructure.csproj" />
    <Project Path="src/Hearthsheet.Updater/Hearthsheet.Updater.csproj" />
  </Folder>
  <Folder Name="/tests/">
    <Project Path="tests/Hearthsheet.Tests/Hearthsheet.Tests.csproj" />
  </Folder>
</Solution>
